{
  "version": 4,
  "terraform_version": "1.5.7",
  "serial": 679,
  "lineage": "1be8ea89-73a7-2b23-4b6b-beb521fa7696",
  "outputs": {},
  "resources": [
    {
      "mode": "managed",
      "type": "aws_api_gateway_integration",
      "name": "integration",
      "provider": "provider[\"registry.terraform.io/hashicorp/aws\"]",
      "instances": [
        {
          "schema_version": 0,
          "attributes": {
            "cache_key_parameters": null,
            "cache_namespace": "pxwxhc",
            "connection_id": "",
            "connection_type": "INTERNET",
            "content_handling": "",
            "credentials": "",
            "http_method": "POST",
            "id": "agi-nbovkmvxv9-pxwxhc-POST",
            "integration_http_method": "POST",
            "passthrough_behavior": "WHEN_NO_MATCH",
            "request_parameters": null,
            "request_templates": null,
            "resource_id": "pxwxhc",
            "rest_api_id": "nbovkmvxv9",
            "timeout_milliseconds": 29000,
            "tls_config": [],
            "type": "AWS_PROXY",
            "uri": "arn:aws:apigateway:us-east-1:lambda:path/2015-03-31/functions/arn:aws:lambda:us-east-1:659214650186:function:lambda-write-to-sqs/invocations"
          },
          "sensitive_attributes": [],
          "private": "bnVsbA==",
          "dependencies": [
            "aws_api_gateway_method.method",
            "aws_api_gateway_model.parking_registration_model",
            "aws_api_gateway_request_validator.validate_post",
            "aws_api_gateway_resource.pagamento_resource",
            "aws_api_gateway_rest_api.parquimetro_api",
            "aws_iam_role.lambda_role_write_to_sqs",
            "aws_lambda_function.lambda_write_to_sqs",
            "aws_sqs_queue.park_register_queue"
          ]
        }
      ]
    },
    {
      "mode": "managed",
      "type": "aws_api_gateway_method",
      "name": "method",
      "provider": "provider[\"registry.terraform.io/hashicorp/aws\"]",
      "instances": [
        {
          "schema_version": 0,
          "attributes": {
            "api_key_required": false,
            "authorization": "NONE",
            "authorization_scopes": null,
            "authorizer_id": null,
            "http_method": "POST",
            "id": "agm-nbovkmvxv9-pxwxhc-POST",
            "operation_name": null,
            "request_models": {
              "application/json": "registroDeEntrada"
            },
            "request_parameters": null,
            "request_validator_id": "h443fm",
            "resource_id": "pxwxhc",
            "rest_api_id": "nbovkmvxv9"
          },
          "sensitive_attributes": [],
          "private": "bnVsbA==",
          "dependencies": [
            "aws_api_gateway_model.parking_registration_model",
            "aws_api_gateway_request_validator.validate_post",
            "aws_api_gateway_resource.pagamento_resource",
            "aws_api_gateway_rest_api.parquimetro_api"
          ]
        }
      ]
    },
    {
      "mode": "managed",
      "type": "aws_api_gateway_model",
      "name": "parking_registration_model",
      "provider": "provider[\"registry.terraform.io/hashicorp/aws\"]",
      "instances": [
        {
          "schema_version": 0,
          "attributes": {
            "content_type": "application/json",
            "description": "a JSON schema",
            "id": "1w4mn8",
            "name": "registroDeEntrada",
            "rest_api_id": "nbovkmvxv9",
            "schema": "{\"properties\":{\"condutor\":{\"type\":\"string\"},\"formaPagamento\":{\"type\":\"string\"},\"horariofixovar\":{\"type\":\"string\"},\"placaDoCarro\":{\"type\":\"string\"}},\"required\":[\"condutor\",\"placaDoCarro\",\"horariofixovar\",\"formaPagamento\"],\"title\":\"registroDeEntrada\",\"type\":\"object\"}"
          },
          "sensitive_attributes": [],
          "private": "bnVsbA==",
          "dependencies": [
            "aws_api_gateway_rest_api.parquimetro_api"
          ]
        }
      ]
    },
    {
      "mode": "managed",
      "type": "aws_api_gateway_request_validator",
      "name": "validate_post",
      "provider": "provider[\"registry.terraform.io/hashicorp/aws\"]",
      "instances": [
        {
          "schema_version": 0,
          "attributes": {
            "id": "h443fm",
            "name": "validate_post",
            "rest_api_id": "nbovkmvxv9",
            "validate_request_body": true,
            "validate_request_parameters": false
          },
          "sensitive_attributes": [],
          "private": "bnVsbA==",
          "dependencies": [
            "aws_api_gateway_rest_api.parquimetro_api"
          ]
        }
      ]
    },
    {
      "mode": "managed",
      "type": "aws_api_gateway_resource",
      "name": "pagamento_resource",
      "provider": "provider[\"registry.terraform.io/hashicorp/aws\"]",
      "instances": [
        {
          "schema_version": 0,
          "attributes": {
            "id": "pxwxhc",
            "parent_id": "w8auz6g45j",
            "path": "/registroEstacionamento",
            "path_part": "registroEstacionamento",
            "rest_api_id": "nbovkmvxv9"
          },
          "sensitive_attributes": [],
          "private": "bnVsbA==",
          "dependencies": [
            "aws_api_gateway_rest_api.parquimetro_api"
          ]
        }
      ]
    },
    {
      "mode": "managed",
      "type": "aws_api_gateway_rest_api",
      "name": "parquimetro_api",
      "provider": "provider[\"registry.terraform.io/hashicorp/aws\"]",
      "instances": [
        {
          "schema_version": 0,
          "attributes": {
            "api_key_source": "HEADER",
            "arn": "arn:aws:apigateway:us-east-1::/restapis/nbovkmvxv9",
            "binary_media_types": [],
            "body": null,
            "created_date": "2023-10-27T05:20:24Z",
            "description": "",
            "disable_execute_api_endpoint": false,
            "endpoint_configuration": [
              {
                "types": [
                  "EDGE"
                ],
                "vpc_endpoint_ids": []
              }
            ],
            "execution_arn": "arn:aws:execute-api:us-east-1:659214650186:nbovkmvxv9",
            "fail_on_warnings": null,
            "id": "nbovkmvxv9",
            "minimum_compression_size": "",
            "name": "techchallenge3",
            "parameters": null,
            "policy": "",
            "put_rest_api_mode": null,
            "root_resource_id": "w8auz6g45j",
            "tags": null,
            "tags_all": {}
          },
          "sensitive_attributes": [],
          "private": "bnVsbA=="
        }
      ]
    },
    {
      "mode": "managed",
      "type": "aws_dynamodb_table",
      "name": "registro-estacionamento-table",
      "provider": "provider[\"registry.terraform.io/hashicorp/aws\"]",
      "instances": [
        {
          "schema_version": 1,
          "attributes": {
            "arn": "arn:aws:dynamodb:us-east-1:659214650186:table/Estacionamento",
            "attribute": [
              {
                "name": "DataEntrada",
                "type": "S"
              },
              {
                "name": "PagamentoRealizado",
                "type": "S"
              },
              {
                "name": "TicketId",
                "type": "S"
              }
            ],
            "billing_mode": "PROVISIONED",
            "deletion_protection_enabled": false,
            "global_secondary_index": [
              {
                "hash_key": "PagamentoRealizado",
                "name": "estacionamento-por-status-data-indice",
                "non_key_attributes": [
                  "UserId"
                ],
                "projection_type": "INCLUDE",
                "range_key": "DataEntrada",
                "read_capacity": 10,
                "write_capacity": 10
              }
            ],
            "hash_key": "TicketId",
            "id": "Estacionamento",
            "import_table": [],
            "local_secondary_index": [],
            "name": "Estacionamento",
            "point_in_time_recovery": [
              {
                "enabled": false
              }
            ],
            "range_key": "PagamentoRealizado",
            "read_capacity": 10,
            "replica": [],
            "restore_date_time": null,
            "restore_source_name": null,
            "restore_to_latest_time": null,
            "server_side_encryption": [],
            "stream_arn": "arn:aws:dynamodb:us-east-1:659214650186:table/Estacionamento/stream/2023-10-27T05:20:24.160",
            "stream_enabled": true,
            "stream_label": "2023-10-27T05:20:24.160",
            "stream_view_type": "NEW_IMAGE",
            "table_class": "STANDARD",
            "tags": null,
            "tags_all": {},
            "timeouts": null,
            "ttl": [
              {
                "attribute_name": "",
                "enabled": false
              }
            ],
            "write_capacity": 10
          },
          "sensitive_attributes": [],
          "private": "eyJlMmJmYjczMC1lY2FhLTExZTYtOGY4OC0zNDM2M2JjN2M0YzAiOnsiY3JlYXRlIjoxODAwMDAwMDAwMDAwLCJkZWxldGUiOjYwMDAwMDAwMDAwMCwidXBkYXRlIjozNjAwMDAwMDAwMDAwfSwic2NoZW1hX3ZlcnNpb24iOiIxIn0="
        }
      ]
    },
    {
      "mode": "managed",
      "type": "aws_iam_role",
      "name": "lambda_role_write_to_eventbridge",
      "provider": "provider[\"registry.terraform.io/hashicorp/aws\"]",
      "instances": [
        {
          "schema_version": 0,
          "attributes": {
            "arn": "arn:aws:iam::659214650186:role/lambda-role-write-to-eventbridge",
            "assume_role_policy": "{\"Statement\":[{\"Action\":[\"sts:AssumeRole\"],\"Effect\":\"Allow\",\"Principal\":{\"Service\":[\"lambda.amazonaws.com\"]}}],\"Version\":\"2012-10-17\"}",
            "create_date": "2023-10-27T05:20:24Z",
            "description": "",
            "force_detach_policies": false,
            "id": "lambda-role-write-to-eventbridge",
            "inline_policy": [],
            "managed_policy_arns": [],
            "max_session_duration": 3600,
            "name": "lambda-role-write-to-eventbridge",
            "name_prefix": "",
            "path": "/",
            "permissions_boundary": "",
            "tags": null,
            "tags_all": {},
            "unique_id": "AROAZS7CBJNFFFDE3S4D2"
          },
          "sensitive_attributes": [],
          "private": "bnVsbA=="
        }
      ]
    },
    {
      "mode": "managed",
      "type": "aws_iam_role",
      "name": "lambda_role_write_to_sqs",
      "provider": "provider[\"registry.terraform.io/hashicorp/aws\"]",
      "instances": [
        {
          "schema_version": 0,
          "attributes": {
            "arn": "arn:aws:iam::659214650186:role/lambda-role-write-to-sqs",
            "assume_role_policy": "{\"Statement\":[{\"Action\":[\"sts:AssumeRole\"],\"Effect\":\"Allow\",\"Principal\":{\"Service\":[\"lambda.amazonaws.com\"]}}],\"Version\":\"2012-10-17\"}",
            "create_date": "2023-10-27T05:20:24Z",
            "description": "",
            "force_detach_policies": false,
            "id": "lambda-role-write-to-sqs",
            "inline_policy": [],
            "managed_policy_arns": [],
            "max_session_duration": 3600,
            "name": "lambda-role-write-to-sqs",
            "name_prefix": "",
            "path": "/",
            "permissions_boundary": "",
            "tags": null,
            "tags_all": {},
            "unique_id": "AROAZS7CBJNFDETAC52KU"
          },
          "sensitive_attributes": [],
          "private": "bnVsbA=="
        }
      ]
    },
    {
      "mode": "managed",
      "type": "aws_iam_role_policy",
      "name": "lambdaevent_policy",
      "provider": "provider[\"registry.terraform.io/hashicorp/aws\"]",
      "instances": [
        {
          "schema_version": 0,
          "attributes": {
            "id": "lambda-role-write-to-eventbridge:lambdaevent_policy",
            "name": "lambdaevent_policy",
            "name_prefix": "",
            "policy": "{\"Version\":\"2012-10-17\",\"Statement\":[{\"Action\":[\"dynamodb:BatchGetItem\",\"dynamodb:GetItem\",\"dynamodb:Query\",\"dynamodb:Scan\",\"dynamodb:BatchWriteItem\",\"dynamodb:PutItem\",\"dynamodb:UpdateItem\"],\"Effect\":\"Allow\",\"Resource\":\"*\"},{\"Action\":[\"dynamodb:DescribeStream\",\"dynamodb:GetRecords\",\"dynamodb:GetShardIterator\",\"dynamodb:ListStreams\",\"logs:CreateLogGroup\",\"logs:CreateLogStream\",\"logs:PutLogEvents\"],\"Effect\":\"Allow\",\"Resource\":\"*\"},{\"Action\":[\"events:*\",\"schemas:*\",\"scheduler:*\",\"pipes:*\"],\"Effect\":\"Allow\",\"Resource\":\"*\",\"Sid\":\"EventBridgeActions\"},{\"Action\":\"iam:PassRole\",\"Effect\":\"Allow\",\"Resource\":\"*\",\"Sid\":\"IAMPassRoleAccessForEventBridge\"}]}",
            "role": "lambda-role-write-to-eventbridge"
          },
          "sensitive_attributes": [],
          "private": "bnVsbA==",
          "dependencies": [
            "aws_iam_role.lambda_role_write_to_eventbridge"
          ]
        }
      ]
    },
    {
      "mode": "managed",
      "type": "aws_iam_role_policy",
      "name": "lambdasqs_policy",
      "provider": "provider[\"registry.terraform.io/hashicorp/aws\"]",
      "instances": [
        {
          "schema_version": 0,
          "attributes": {
            "id": "lambda-role-write-to-sqs:lambdasqs_policy",
            "name": "lambdasqs_policy",
            "name_prefix": "",
            "policy": "{\"Version\":\"2012-10-17\",\"Statement\":[{\"Action\":[\"sqs:SendMessage\",\"sqs:ReceiveMessage\",\"sqs:DeleteMessage\",\"sqs:GetQueueAttributes\",\"logs:CreateLogGroup\",\"logs:CreateLogStream\",\"logs:PutLogEvents\"],\"Effect\":\"Allow\",\"Resource\":\"*\"},{\"Action\":[\"dynamodb:BatchGetItem\",\"dynamodb:GetItem\",\"dynamodb:Query\",\"dynamodb:Scan\",\"dynamodb:BatchWriteItem\",\"dynamodb:PutItem\",\"dynamodb:UpdateItem\"],\"Effect\":\"Allow\",\"Resource\":\"*\",\"Sid\":\"ReadWriteTable\"},{\"Action\":\"dynamodb:GetRecords\",\"Effect\":\"Allow\",\"Resource\":\"*\",\"Sid\":\"GetStreamRecords\"}]}",
            "role": "lambda-role-write-to-sqs"
          },
          "sensitive_attributes": [],
          "private": "bnVsbA==",
          "dependencies": [
            "aws_iam_role.lambda_role_write_to_sqs"
          ]
        }
      ]
    },
    {
      "mode": "managed",
      "type": "aws_lambda_event_source_mapping",
      "name": "dynamo_react_mapping",
      "provider": "provider[\"registry.terraform.io/hashicorp/aws\"]",
      "instances": [
        {
          "schema_version": 0,
          "attributes": {
            "amazon_managed_kafka_event_source_config": [],
            "batch_size": 10,
            "bisect_batch_on_function_error": false,
            "destination_config": [
              {
                "on_failure": [
                  {
                    "destination_arn": null
                  }
                ]
              }
            ],
            "document_db_event_source_config": [],
            "enabled": true,
            "event_source_arn": "arn:aws:dynamodb:us-east-1:659214650186:table/Estacionamento/stream/2023-10-27T05:20:24.160",
            "filter_criteria": [],
            "function_arn": "arn:aws:lambda:us-east-1:659214650186:function:lambda-write-to-eventbridge",
            "function_name": "arn:aws:lambda:us-east-1:659214650186:function:lambda-write-to-eventbridge",
            "function_response_types": null,
            "id": "c85a4a63-082c-4bec-a88f-3439a004321d",
            "last_modified": "2023-10-27T05:21:00Z",
            "last_processing_result": "No records processed",
            "maximum_batching_window_in_seconds": 0,
            "maximum_record_age_in_seconds": -1,
            "maximum_retry_attempts": -1,
            "parallelization_factor": 1,
            "queues": null,
            "scaling_config": [],
            "self_managed_event_source": [],
            "self_managed_kafka_event_source_config": [],
            "source_access_configuration": [],
            "starting_position": "LATEST",
            "starting_position_timestamp": "",
            "state": "Enabled",
            "state_transition_reason": "User action",
            "topics": null,
            "tumbling_window_in_seconds": 0,
            "uuid": "c85a4a63-082c-4bec-a88f-3439a004321d"
          },
          "sensitive_attributes": [],
          "private": "bnVsbA==",
          "dependencies": [
            "aws_dynamodb_table.registro-estacionamento-table",
            "aws_iam_role.lambda_role_write_to_eventbridge",
            "aws_lambda_function.lambda_read_from_eventbridge",
            "aws_lambda_function.lambda_write_to_eventbridge"
          ]
        }
      ]
    },
    {
      "mode": "managed",
      "type": "aws_lambda_event_source_mapping",
      "name": "sqs_read_event_source_mapping",
      "provider": "provider[\"registry.terraform.io/hashicorp/aws\"]",
      "instances": [
        {
          "schema_version": 0,
          "attributes": {
            "amazon_managed_kafka_event_source_config": [],
            "batch_size": 1,
            "bisect_batch_on_function_error": false,
            "destination_config": [],
            "document_db_event_source_config": [],
            "enabled": true,
            "event_source_arn": "arn:aws:sqs:us-east-1:659214650186:example-queue",
            "filter_criteria": [],
            "function_arn": "arn:aws:lambda:us-east-1:659214650186:function:lambda-read-from-sqs",
            "function_name": "arn:aws:lambda:us-east-1:659214650186:function:lambda-read-from-sqs",
            "function_response_types": null,
            "id": "4d0e0e8e-4778-43fe-a5a6-9d984c1c9bc0",
            "last_modified": "2023-10-27T05:21:04Z",
            "last_processing_result": "",
            "maximum_batching_window_in_seconds": 0,
            "maximum_record_age_in_seconds": 0,
            "maximum_retry_attempts": 0,
            "parallelization_factor": 0,
            "queues": null,
            "scaling_config": [],
            "self_managed_event_source": [],
            "self_managed_kafka_event_source_config": [],
            "source_access_configuration": [],
            "starting_position": "",
            "starting_position_timestamp": "",
            "state": "Enabled",
            "state_transition_reason": "USER_INITIATED",
            "topics": null,
            "tumbling_window_in_seconds": 0,
            "uuid": "4d0e0e8e-4778-43fe-a5a6-9d984c1c9bc0"
          },
          "sensitive_attributes": [],
          "private": "bnVsbA==",
          "dependencies": [
            "aws_iam_role.lambda_role_write_to_sqs",
            "aws_lambda_function.lambda_read_from_sqs",
            "aws_sqs_queue.park_register_queue"
          ]
        }
      ]
    },
    {
      "mode": "managed",
      "type": "aws_lambda_function",
      "name": "lambda_read_from_eventbridge",
      "provider": "provider[\"registry.terraform.io/hashicorp/aws\"]",
      "instances": [
        {
          "schema_version": 0,
          "attributes": {
            "architectures": [
              "x86_64"
            ],
            "arn": "arn:aws:lambda:us-east-1:659214650186:function:lambda-read-from-eventbridge",
            "code_signing_config_arn": "",
            "dead_letter_config": [],
            "description": "",
            "environment": [],
            "ephemeral_storage": [
              {
                "size": 512
              }
            ],
            "file_system_config": [],
            "filename": "/home/felipe/estudos/fiap/TechChallenge3/TechChallenge3-RegistrarInicioEstacionamento/Lambdas/listenerEventBridgeSendMessage/target/listenerEventBridge-1.0-SNAPSHOT.jar",
            "function_name": "lambda-read-from-eventbridge",
            "handler": "com.fiap.techChallenge3.listenerEventBridgeSendMessage.ListenerEventBridge::handleRequest",
            "id": "lambda-read-from-eventbridge",
            "image_config": [],
            "image_uri": "",
            "invoke_arn": "arn:aws:apigateway:us-east-1:lambda:path/2015-03-31/functions/arn:aws:lambda:us-east-1:659214650186:function:lambda-read-from-eventbridge/invocations",
            "kms_key_arn": "",
            "last_modified": "2023-10-27T05:20:40.400+0000",
            "layers": null,
            "memory_size": 256,
            "package_type": "Zip",
            "publish": false,
            "qualified_arn": "arn:aws:lambda:us-east-1:659214650186:function:lambda-read-from-eventbridge:$LATEST",
            "qualified_invoke_arn": "arn:aws:apigateway:us-east-1:lambda:path/2015-03-31/functions/arn:aws:lambda:us-east-1:659214650186:function:lambda-read-from-eventbridge:$LATEST/invocations",
            "replace_security_groups_on_destroy": null,
            "replacement_security_group_ids": null,
            "reserved_concurrent_executions": -1,
            "role": "arn:aws:iam::659214650186:role/lambda-role-write-to-eventbridge",
            "runtime": "java17",
            "s3_bucket": null,
            "s3_key": null,
            "s3_object_version": null,
            "signing_job_arn": "",
            "signing_profile_version_arn": "",
            "skip_destroy": false,
            "snap_start": [],
            "source_code_hash": "n08HDoe3MtzSw94A7BKbmAiXMWAcivWp0pSYAjdU8LM=",
            "source_code_size": 11963930,
            "tags": null,
            "tags_all": {},
            "timeout": 30,
            "timeouts": null,
            "tracing_config": [
              {
                "mode": "PassThrough"
              }
            ],
            "version": "$LATEST",
            "vpc_config": []
          },
          "sensitive_attributes": [],
          "private": "eyJlMmJmYjczMC1lY2FhLTExZTYtOGY4OC0zNDM2M2JjN2M0YzAiOnsiY3JlYXRlIjo2MDAwMDAwMDAwMDAsImRlbGV0ZSI6NjAwMDAwMDAwMDAwLCJ1cGRhdGUiOjYwMDAwMDAwMDAwMH19",
          "dependencies": [
            "aws_iam_role.lambda_role_write_to_eventbridge"
          ]
        }
      ]
    },
    {
      "mode": "managed",
      "type": "aws_lambda_function",
      "name": "lambda_read_from_sqs",
      "provider": "provider[\"registry.terraform.io/hashicorp/aws\"]",
      "instances": [
        {
          "schema_version": 0,
          "attributes": {
            "architectures": [
              "x86_64"
            ],
            "arn": "arn:aws:lambda:us-east-1:659214650186:function:lambda-read-from-sqs",
            "code_signing_config_arn": "",
            "dead_letter_config": [],
            "description": "",
            "environment": [],
            "ephemeral_storage": [
              {
                "size": 512
              }
            ],
            "file_system_config": [],
            "filename": "/home/felipe/estudos/fiap/TechChallenge3/TechChallenge3-RegistrarInicioEstacionamento/Lambdas/listenerSQSWriteDynamoLambda/target/ListenerSQSWriteDynamo-1.0-SNAPSHOT.jar",
            "function_name": "lambda-read-from-sqs",
            "handler": "com.fiap.techChallenge3.listenerSQSWriteDynamo.SQSListener::handleRequest",
            "id": "lambda-read-from-sqs",
            "image_config": [],
            "image_uri": "",
            "invoke_arn": "arn:aws:apigateway:us-east-1:lambda:path/2015-03-31/functions/arn:aws:lambda:us-east-1:659214650186:function:lambda-read-from-sqs/invocations",
            "kms_key_arn": "",
            "last_modified": "2023-10-27T05:20:57.337+0000",
            "layers": null,
            "memory_size": 256,
            "package_type": "Zip",
            "publish": false,
            "qualified_arn": "arn:aws:lambda:us-east-1:659214650186:function:lambda-read-from-sqs:$LATEST",
            "qualified_invoke_arn": "arn:aws:apigateway:us-east-1:lambda:path/2015-03-31/functions/arn:aws:lambda:us-east-1:659214650186:function:lambda-read-from-sqs:$LATEST/invocations",
            "replace_security_groups_on_destroy": null,
            "replacement_security_group_ids": null,
            "reserved_concurrent_executions": -1,
            "role": "arn:aws:iam::659214650186:role/lambda-role-write-to-sqs",
            "runtime": "java17",
            "s3_bucket": null,
            "s3_key": null,
            "s3_object_version": null,
            "signing_job_arn": "",
            "signing_profile_version_arn": "",
            "skip_destroy": false,
            "snap_start": [],
            "source_code_hash": "Su7SpCEDOn3sWHHk1+lnptxEioR5pfOaqvISTyg252g=",
            "source_code_size": 16076207,
            "tags": null,
            "tags_all": {},
            "timeout": 30,
            "timeouts": null,
            "tracing_config": [
              {
                "mode": "PassThrough"
              }
            ],
            "version": "$LATEST",
            "vpc_config": []
          },
          "sensitive_attributes": [],
          "private": "eyJlMmJmYjczMC1lY2FhLTExZTYtOGY4OC0zNDM2M2JjN2M0YzAiOnsiY3JlYXRlIjo2MDAwMDAwMDAwMDAsImRlbGV0ZSI6NjAwMDAwMDAwMDAwLCJ1cGRhdGUiOjYwMDAwMDAwMDAwMH19",
          "dependencies": [
            "aws_iam_role.lambda_role_write_to_sqs"
          ]
        }
      ]
    },
    {
      "mode": "managed",
      "type": "aws_lambda_function",
      "name": "lambda_write_to_eventbridge",
      "provider": "provider[\"registry.terraform.io/hashicorp/aws\"]",
      "instances": [
        {
          "schema_version": 0,
          "attributes": {
            "architectures": [
              "x86_64"
            ],
            "arn": "arn:aws:lambda:us-east-1:659214650186:function:lambda-write-to-eventbridge",
            "code_signing_config_arn": "",
            "dead_letter_config": [],
            "description": "",
            "environment": [
              {
                "variables": {
                  "LAMBDA_EVCALL_URL": "arn:aws:lambda:us-east-1:659214650186:function:lambda-read-from-eventbridge",
                  "LAMBDA_ROLE_ARN": "arn:aws:iam::659214650186:role/lambda-role-write-to-eventbridge"
                }
              }
            ],
            "ephemeral_storage": [
              {
                "size": 512
              }
            ],
            "file_system_config": [],
            "filename": "/home/felipe/estudos/fiap/TechChallenge3/TechChallenge3-RegistrarInicioEstacionamento/Lambdas/publishEventBridge/target/publishEventBridge-1.0-SNAPSHOT.jar",
            "function_name": "lambda-write-to-eventbridge",
            "handler": "com.fiap.techChallenge3.listenerSQSWriteDynamo.PublishEventBridge::handleRequest",
            "id": "lambda-write-to-eventbridge",
            "image_config": [],
            "image_uri": "",
            "invoke_arn": "arn:aws:apigateway:us-east-1:lambda:path/2015-03-31/functions/arn:aws:lambda:us-east-1:659214650186:function:lambda-write-to-eventbridge/invocations",
            "kms_key_arn": "",
            "last_modified": "2023-10-27T05:21:22.015+0000",
            "layers": null,
            "memory_size": 256,
            "package_type": "Zip",
            "publish": false,
            "qualified_arn": "arn:aws:lambda:us-east-1:659214650186:function:lambda-write-to-eventbridge:$LATEST",
            "qualified_invoke_arn": "arn:aws:apigateway:us-east-1:lambda:path/2015-03-31/functions/arn:aws:lambda:us-east-1:659214650186:function:lambda-write-to-eventbridge:$LATEST/invocations",
            "replace_security_groups_on_destroy": null,
            "replacement_security_group_ids": null,
            "reserved_concurrent_executions": -1,
            "role": "arn:aws:iam::659214650186:role/lambda-role-write-to-eventbridge",
            "runtime": "java17",
            "s3_bucket": null,
            "s3_key": null,
            "s3_object_version": null,
            "signing_job_arn": "",
            "signing_profile_version_arn": "",
            "skip_destroy": false,
            "snap_start": [],
            "source_code_hash": "LVnAlJ8EFAMKqRT0EADNNpI2FrAi4MYcNxT4OdWD9Y8=",
            "source_code_size": 26565297,
            "tags": null,
            "tags_all": {},
            "timeout": 30,
            "timeouts": null,
            "tracing_config": [
              {
                "mode": "PassThrough"
              }
            ],
            "version": "$LATEST",
            "vpc_config": []
          },
          "sensitive_attributes": [],
          "private": "eyJlMmJmYjczMC1lY2FhLTExZTYtOGY4OC0zNDM2M2JjN2M0YzAiOnsiY3JlYXRlIjo2MDAwMDAwMDAwMDAsImRlbGV0ZSI6NjAwMDAwMDAwMDAwLCJ1cGRhdGUiOjYwMDAwMDAwMDAwMH19",
          "dependencies": [
            "aws_iam_role.lambda_role_write_to_eventbridge",
            "aws_lambda_function.lambda_read_from_eventbridge"
          ]
        }
      ]
    },
    {
      "mode": "managed",
      "type": "aws_lambda_function",
      "name": "lambda_write_to_sqs",
      "provider": "provider[\"registry.terraform.io/hashicorp/aws\"]",
      "instances": [
        {
          "schema_version": 0,
          "attributes": {
            "architectures": [
              "x86_64"
            ],
            "arn": "arn:aws:lambda:us-east-1:659214650186:function:lambda-write-to-sqs",
            "code_signing_config_arn": "",
            "dead_letter_config": [],
            "description": "",
            "environment": [
              {
                "variables": {
                  "SQS_QUEUE_URL": "https://sqs.us-east-1.amazonaws.com/659214650186/example-queue"
                }
              }
            ],
            "ephemeral_storage": [
              {
                "size": 512
              }
            ],
            "file_system_config": [],
            "filename": "/home/felipe/estudos/fiap/TechChallenge3/TechChallenge3-RegistrarInicioEstacionamento/Lambdas/registrarRequisicaoFilaSQS/target/registroSQS-1.0-SNAPSHOT.jar",
            "function_name": "lambda-write-to-sqs",
            "handler": "com.fiap.techChallenge3.registroSQS.SQSPublisher::handleRequest",
            "id": "lambda-write-to-sqs",
            "image_config": [],
            "image_uri": "",
            "invoke_arn": "arn:aws:apigateway:us-east-1:lambda:path/2015-03-31/functions/arn:aws:lambda:us-east-1:659214650186:function:lambda-write-to-sqs/invocations",
            "kms_key_arn": "",
            "last_modified": "2023-10-27T05:21:36.094+0000",
            "layers": null,
            "memory_size": 256,
            "package_type": "Zip",
            "publish": false,
            "qualified_arn": "arn:aws:lambda:us-east-1:659214650186:function:lambda-write-to-sqs:$LATEST",
            "qualified_invoke_arn": "arn:aws:apigateway:us-east-1:lambda:path/2015-03-31/functions/arn:aws:lambda:us-east-1:659214650186:function:lambda-write-to-sqs:$LATEST/invocations",
            "replace_security_groups_on_destroy": null,
            "replacement_security_group_ids": null,
            "reserved_concurrent_executions": -1,
            "role": "arn:aws:iam::659214650186:role/lambda-role-write-to-sqs",
            "runtime": "java17",
            "s3_bucket": null,
            "s3_key": null,
            "s3_object_version": null,
            "signing_job_arn": "",
            "signing_profile_version_arn": "",
            "skip_destroy": false,
            "snap_start": [],
            "source_code_hash": "ysA4GDhua4vzXNts0EA62QkG45Ks9fDVZEBLyjseOTw=",
            "source_code_size": 11570101,
            "tags": null,
            "tags_all": {},
            "timeout": 30,
            "timeouts": null,
            "tracing_config": [
              {
                "mode": "PassThrough"
              }
            ],
            "version": "$LATEST",
            "vpc_config": []
          },
          "sensitive_attributes": [],
          "private": "eyJlMmJmYjczMC1lY2FhLTExZTYtOGY4OC0zNDM2M2JjN2M0YzAiOnsiY3JlYXRlIjo2MDAwMDAwMDAwMDAsImRlbGV0ZSI6NjAwMDAwMDAwMDAwLCJ1cGRhdGUiOjYwMDAwMDAwMDAwMH19",
          "dependencies": [
            "aws_iam_role.lambda_role_write_to_sqs",
            "aws_sqs_queue.park_register_queue"
          ]
        }
      ]
    },
    {
      "mode": "managed",
      "type": "aws_lambda_permission",
      "name": "apigw_lambda",
      "provider": "provider[\"registry.terraform.io/hashicorp/aws\"]",
      "instances": [
        {
          "schema_version": 0,
          "attributes": {
            "action": "lambda:InvokeFunction",
            "event_source_token": null,
            "function_name": "lambda-write-to-sqs",
            "function_url_auth_type": null,
            "id": "AllowExecutionFromAPIGateway",
            "principal": "apigateway.amazonaws.com",
            "principal_org_id": null,
            "qualifier": "",
            "source_account": null,
            "source_arn": "arn:aws:execute-api:us-east-1:659214650186:nbovkmvxv9/*/*",
            "statement_id": "AllowExecutionFromAPIGateway",
            "statement_id_prefix": ""
          },
          "sensitive_attributes": [],
          "private": "bnVsbA==",
          "dependencies": [
            "aws_api_gateway_rest_api.parquimetro_api",
            "aws_iam_role.lambda_role_write_to_sqs",
            "aws_lambda_function.lambda_write_to_sqs",
            "aws_sqs_queue.park_register_queue"
          ]
        }
      ]
    },
    {
      "mode": "managed",
      "type": "aws_lambda_permission",
      "name": "event_lambda",
      "provider": "provider[\"registry.terraform.io/hashicorp/aws\"]",
      "instances": [
        {
          "schema_version": 0,
          "attributes": {
            "action": "lambda:InvokeFunction",
            "event_source_token": null,
            "function_name": "lambda-read-from-eventbridge",
            "function_url_auth_type": null,
            "id": "AllowExecutionFromEventBridge",
            "principal": "events.amazonaws.com",
            "principal_org_id": null,
            "qualifier": "",
            "source_account": null,
            "source_arn": "arn:aws:events:us-east-1:659214650186:rule/*",
            "statement_id": "AllowExecutionFromEventBridge",
            "statement_id_prefix": ""
          },
          "sensitive_attributes": [],
          "private": "bnVsbA==",
          "dependencies": [
            "aws_iam_role.lambda_role_write_to_eventbridge",
            "aws_lambda_function.lambda_read_from_eventbridge"
          ]
        }
      ]
    },
    {
      "mode": "managed",
      "type": "aws_sqs_queue",
      "name": "park_register_queue",
      "provider": "provider[\"registry.terraform.io/hashicorp/aws\"]",
      "instances": [
        {
          "schema_version": 0,
          "attributes": {
            "arn": "arn:aws:sqs:us-east-1:659214650186:example-queue",
            "content_based_deduplication": false,
            "deduplication_scope": "",
            "delay_seconds": 90,
            "fifo_queue": false,
            "fifo_throughput_limit": "",
            "id": "https://sqs.us-east-1.amazonaws.com/659214650186/example-queue",
            "kms_data_key_reuse_period_seconds": 300,
            "kms_master_key_id": "",
            "max_message_size": 4096,
            "message_retention_seconds": 86400,
            "name": "example-queue",
            "name_prefix": "",
            "policy": "",
            "receive_wait_time_seconds": 0,
            "redrive_allow_policy": "",
            "redrive_policy": "",
            "sqs_managed_sse_enabled": true,
            "tags": null,
            "tags_all": {},
            "url": "https://sqs.us-east-1.amazonaws.com/659214650186/example-queue",
            "visibility_timeout_seconds": 30
          },
          "sensitive_attributes": [],
          "private": "bnVsbA=="
        }
      ]
    }
  ],
  "check_results": null
}
